
Microsoft Visual Studio Solution File, Format Version 12.00
# Visual Studio Version 17
VisualStudioVersion = 17.7.34031.279
MinimumVisualStudioVersion = 10.0.40219.1
Project("{9A19103F-16F7-4668-BE54-9A1E7A4F7556}") = "BlazorApplication", "BlazorApplication\BlazorApplication.csproj", "{2C95D156-2AC2-4FC6-8784-CD0A5300EFF7}"
EndProject
Global
	GlobalSection(SolutionConfigurationPlatforms) = preSolution
		Debug|Any CPU = Debug|Any CPU
		Release|Any CPU = Release|Any CPU
	EndGlobalSection
	GlobalSection(ProjectConfigurationPlatforms) = postSolution
		{2C95D156-2AC2-4FC6-8784-CD0A5300EFF7}.Debug|Any CPU.ActiveCfg = Debug|Any CPU
		{2C95D156-2AC2-4FC6-8784-CD0A5300EFF7}.Debug|Any CPU.Build.0 = Debug|Any CPU
		{2C95D156-2AC2-4FC6-8784-CD0A5300EFF7}.Release|Any CPU.ActiveCfg = Release|Any CPU
		{2C95D156-2AC2-4FC6-8784-CD0A5300EFF7}.Release|Any CPU.Build.0 = Release|Any CPU
	EndGlobalSection
	GlobalSection(SolutionProperties) = preSolution
		HideSolutionNode = FALSE
	EndGlobalSection
	GlobalSection(ExtensibilityGlobals) = postSolution
		SolutionGuid = {DCAA2F8F-B7D5-4CEA-ACAE-40C49E39B8C7}
	EndGlobalSection
EndGlobal
